
Microsoft Visual Studio Solution File, Format Version 12.00
# Visual Studio Version 16
VisualStudioVersion = 25.0.1704.3
MinimumVisualStudioVersion = 10.0.40219.1
Project("{FAE04EC0-301F-11D3-BF4B-00C04F79EFBC}") = "PE8Q7", "PE8Q7\PE8Q7.csproj", "{ABA20AC1-2AB6-4E16-8AA4-684CA1FDBDD5}"
EndProject
Global
	GlobalSection(SolutionConfigurationPlatforms) = preSolution
		Debug|Any CPU = Debug|Any CPU
		Release|Any CPU = Release|Any CPU
	EndGlobalSection
	GlobalSection(ProjectConfigurationPlatforms) = postSolution
		{ABA20AC1-2AB6-4E16-8AA4-684CA1FDBDD5}.Debug|Any CPU.ActiveCfg = Debug|Any CPU
		{ABA20AC1-2AB6-4E16-8AA4-684CA1FDBDD5}.Debug|Any CPU.Build.0 = Debug|Any CPU
		{ABA20AC1-2AB6-4E16-8AA4-684CA1FDBDD5}.Release|Any CPU.ActiveCfg = Release|Any CPU
		{ABA20AC1-2AB6-4E16-8AA4-684CA1FDBDD5}.Release|Any CPU.Build.0 = Release|Any CPU
	EndGlobalSection
	GlobalSection(SolutionProperties) = preSolution
		HideSolutionNode = FALSE
	EndGlobalSection
	GlobalSection(ExtensibilityGlobals) = postSolution
		SolutionGuid = {A0DD145E-1855-4F0F-B6A9-75C2E00EB87D}
	EndGlobalSection
EndGlobal
