
Microsoft Visual Studio Solution File, Format Version 12.00
# Visual Studio Version 17
VisualStudioVersion = 17.4.33213.308
MinimumVisualStudioVersion = 10.0.40219.1
Project("{FAE04EC0-301F-11D3-BF4B-00C04F79EFBC}") = "MyQueue", "MyQueue.csproj", "{B25C1673-F884-4501-A7D3-E62247BF3C7C}"
EndProject
Global
	GlobalSection(SolutionConfigurationPlatforms) = preSolution
		Debug|Any CPU = Debug|Any CPU
		Release|Any CPU = Release|Any CPU
	EndGlobalSection
	GlobalSection(ProjectConfigurationPlatforms) = postSolution
		{B25C1673-F884-4501-A7D3-E62247BF3C7C}.Debug|Any CPU.ActiveCfg = Debug|Any CPU
		{B25C1673-F884-4501-A7D3-E62247BF3C7C}.Debug|Any CPU.Build.0 = Debug|Any CPU
		{B25C1673-F884-4501-A7D3-E62247BF3C7C}.Release|Any CPU.ActiveCfg = Release|Any CPU
		{B25C1673-F884-4501-A7D3-E62247BF3C7C}.Release|Any CPU.Build.0 = Release|Any CPU
	EndGlobalSection
	GlobalSection(SolutionProperties) = preSolution
		HideSolutionNode = FALSE
	EndGlobalSection
	GlobalSection(ExtensibilityGlobals) = postSolution
		SolutionGuid = {DC41A838-A206-4717-9696-ADCD848EEC03}
	EndGlobalSection
EndGlobal
