
Microsoft Visual Studio Solution File, Format Version 12.00
# Visual Studio Version 17
VisualStudioVersion = 17.4.33213.308
MinimumVisualStudioVersion = 10.0.40219.1
Project("{FAE04EC0-301F-11D3-BF4B-00C04F79EFBC}") = "Traffic", "Traffic.csproj", "{3B87A72A-E06B-47F1-9B4C-4EE1783196DC}"
EndProject
Global
	GlobalSection(SolutionConfigurationPlatforms) = preSolution
		Debug|Any CPU = Debug|Any CPU
		Release|Any CPU = Release|Any CPU
	EndGlobalSection
	GlobalSection(ProjectConfigurationPlatforms) = postSolution
		{3B87A72A-E06B-47F1-9B4C-4EE1783196DC}.Debug|Any CPU.ActiveCfg = Debug|Any CPU
		{3B87A72A-E06B-47F1-9B4C-4EE1783196DC}.Debug|Any CPU.Build.0 = Debug|Any CPU
		{3B87A72A-E06B-47F1-9B4C-4EE1783196DC}.Release|Any CPU.ActiveCfg = Release|Any CPU
		{3B87A72A-E06B-47F1-9B4C-4EE1783196DC}.Release|Any CPU.Build.0 = Release|Any CPU
	EndGlobalSection
	GlobalSection(SolutionProperties) = preSolution
		HideSolutionNode = FALSE
	EndGlobalSection
	GlobalSection(ExtensibilityGlobals) = postSolution
		SolutionGuid = {543EC95B-C7B6-4269-A1DF-0C6043E190D5}
	EndGlobalSection
EndGlobal
