
Microsoft Visual Studio Solution File, Format Version 12.00
# Visual Studio Version 16
VisualStudioVersion = 25.0.1703.2
MinimumVisualStudioVersion = 10.0.40219.1
Project("{FAE04EC0-301F-11D3-BF4B-00C04F79EFBC}") = "PE9.3", "PE9.3\PE9.3.csproj", "{FC0F79B7-BC98-4EF3-B3C6-8E3F83C0F998}"
EndProject
Global
	GlobalSection(SolutionConfigurationPlatforms) = preSolution
		Debug|Any CPU = Debug|Any CPU
		Release|Any CPU = Release|Any CPU
	EndGlobalSection
	GlobalSection(ProjectConfigurationPlatforms) = postSolution
		{FC0F79B7-BC98-4EF3-B3C6-8E3F83C0F998}.Debug|Any CPU.ActiveCfg = Debug|Any CPU
		{FC0F79B7-BC98-4EF3-B3C6-8E3F83C0F998}.Debug|Any CPU.Build.0 = Debug|Any CPU
		{FC0F79B7-BC98-4EF3-B3C6-8E3F83C0F998}.Release|Any CPU.ActiveCfg = Release|Any CPU
		{FC0F79B7-BC98-4EF3-B3C6-8E3F83C0F998}.Release|Any CPU.Build.0 = Release|Any CPU
	EndGlobalSection
	GlobalSection(SolutionProperties) = preSolution
		HideSolutionNode = FALSE
	EndGlobalSection
	GlobalSection(ExtensibilityGlobals) = postSolution
		SolutionGuid = {DDAF7967-9A1D-4353-AB89-E479AC06EF28}
	EndGlobalSection
EndGlobal
