
Microsoft Visual Studio Solution File, Format Version 12.00
# Visual Studio Version 17
VisualStudioVersion = 17.4.33213.308
MinimumVisualStudioVersion = 10.0.40219.1
Project("{FAE04EC0-301F-11D3-BF4B-00C04F79EFBC}") = "Good_Burger", "Good_Burger.csproj", "{F422B9E4-37E5-42E1-A47D-846A563703A0}"
EndProject
Global
	GlobalSection(SolutionConfigurationPlatforms) = preSolution
		Debug|Any CPU = Debug|Any CPU
		Release|Any CPU = Release|Any CPU
	EndGlobalSection
	GlobalSection(ProjectConfigurationPlatforms) = postSolution
		{F422B9E4-37E5-42E1-A47D-846A563703A0}.Debug|Any CPU.ActiveCfg = Debug|Any CPU
		{F422B9E4-37E5-42E1-A47D-846A563703A0}.Debug|Any CPU.Build.0 = Debug|Any CPU
		{F422B9E4-37E5-42E1-A47D-846A563703A0}.Release|Any CPU.ActiveCfg = Release|Any CPU
		{F422B9E4-37E5-42E1-A47D-846A563703A0}.Release|Any CPU.Build.0 = Release|Any CPU
	EndGlobalSection
	GlobalSection(SolutionProperties) = preSolution
		HideSolutionNode = FALSE
	EndGlobalSection
	GlobalSection(ExtensibilityGlobals) = postSolution
		SolutionGuid = {83C30915-29F8-463E-AE1C-B6459CA54E59}
	EndGlobalSection
EndGlobal
