
Microsoft Visual Studio Solution File, Format Version 12.00
# Visual Studio Version 17
VisualStudioVersion = 17.4.33213.308
MinimumVisualStudioVersion = 10.0.40219.1
Project("{FAE04EC0-301F-11D3-BF4B-00C04F79EFBC}") = "MyEditor", "MyEditor.csproj", "{AC5C8C5D-6EFA-4CC1-A056-C3CDFBC0DD93}"
EndProject
Global
	GlobalSection(SolutionConfigurationPlatforms) = preSolution
		Debug|Any CPU = Debug|Any CPU
		Release|Any CPU = Release|Any CPU
	EndGlobalSection
	GlobalSection(ProjectConfigurationPlatforms) = postSolution
		{AC5C8C5D-6EFA-4CC1-A056-C3CDFBC0DD93}.Debug|Any CPU.ActiveCfg = Debug|Any CPU
		{AC5C8C5D-6EFA-4CC1-A056-C3CDFBC0DD93}.Debug|Any CPU.Build.0 = Debug|Any CPU
		{AC5C8C5D-6EFA-4CC1-A056-C3CDFBC0DD93}.Release|Any CPU.ActiveCfg = Release|Any CPU
		{AC5C8C5D-6EFA-4CC1-A056-C3CDFBC0DD93}.Release|Any CPU.Build.0 = Release|Any CPU
	EndGlobalSection
	GlobalSection(SolutionProperties) = preSolution
		HideSolutionNode = FALSE
	EndGlobalSection
	GlobalSection(ExtensibilityGlobals) = postSolution
		SolutionGuid = {B0630251-3029-4AD2-B81A-E1F1CB6DD101}
	EndGlobalSection
EndGlobal
