
Microsoft Visual Studio Solution File, Format Version 12.00
# Visual Studio Version 16
VisualStudioVersion = 25.0.1704.3
MinimumVisualStudioVersion = 10.0.40219.1
Project("{FAE04EC0-301F-11D3-BF4B-00C04F79EFBC}") = "Hobbies", "Hobbies\Hobbies.csproj", "{2662D157-DE31-418E-9555-6C21E2AB9088}"
EndProject
Global
	GlobalSection(SolutionConfigurationPlatforms) = preSolution
		Debug|Any CPU = Debug|Any CPU
		Release|Any CPU = Release|Any CPU
	EndGlobalSection
	GlobalSection(ProjectConfigurationPlatforms) = postSolution
		{2662D157-DE31-418E-9555-6C21E2AB9088}.Debug|Any CPU.ActiveCfg = Debug|Any CPU
		{2662D157-DE31-418E-9555-6C21E2AB9088}.Debug|Any CPU.Build.0 = Debug|Any CPU
		{2662D157-DE31-418E-9555-6C21E2AB9088}.Release|Any CPU.ActiveCfg = Release|Any CPU
		{2662D157-DE31-418E-9555-6C21E2AB9088}.Release|Any CPU.Build.0 = Release|Any CPU
	EndGlobalSection
	GlobalSection(SolutionProperties) = preSolution
		HideSolutionNode = FALSE
	EndGlobalSection
	GlobalSection(ExtensibilityGlobals) = postSolution
		SolutionGuid = {7048A211-13A9-4030-BCA3-39C2017FC166}
	EndGlobalSection
EndGlobal
