
Microsoft Visual Studio Solution File, Format Version 12.00
# Visual Studio Version 16
VisualStudioVersion = 25.0.1703.2
MinimumVisualStudioVersion = 10.0.40219.1
Project("{FAE04EC0-301F-11D3-BF4B-00C04F79EFBC}") = "GetString", "GetString\GetString.csproj", "{EFC3D3C3-7344-4322-AA09-10D333797B7C}"
EndProject
Global
	GlobalSection(SolutionConfigurationPlatforms) = preSolution
		Debug|Any CPU = Debug|Any CPU
		Release|Any CPU = Release|Any CPU
	EndGlobalSection
	GlobalSection(ProjectConfigurationPlatforms) = postSolution
		{EFC3D3C3-7344-4322-AA09-10D333797B7C}.Debug|Any CPU.ActiveCfg = Debug|Any CPU
		{EFC3D3C3-7344-4322-AA09-10D333797B7C}.Debug|Any CPU.Build.0 = Debug|Any CPU
		{EFC3D3C3-7344-4322-AA09-10D333797B7C}.Release|Any CPU.ActiveCfg = Release|Any CPU
		{EFC3D3C3-7344-4322-AA09-10D333797B7C}.Release|Any CPU.Build.0 = Release|Any CPU
	EndGlobalSection
	GlobalSection(SolutionProperties) = preSolution
		HideSolutionNode = FALSE
	EndGlobalSection
	GlobalSection(ExtensibilityGlobals) = postSolution
		SolutionGuid = {AB57B84B-B3E2-4841-BCF6-F66DC8A21194}
	EndGlobalSection
EndGlobal
