
Microsoft Visual Studio Solution File, Format Version 12.00
# Visual Studio Version 17
VisualStudioVersion = 17.4.33213.308
MinimumVisualStudioVersion = 10.0.40219.1
Project("{FAE04EC0-301F-11D3-BF4B-00C04F79EFBC}") = "Salary2", "Salary2.csproj", "{39679FD5-EE55-4327-A67F-2DD566208FF5}"
EndProject
Global
	GlobalSection(SolutionConfigurationPlatforms) = preSolution
		Debug|Any CPU = Debug|Any CPU
		Release|Any CPU = Release|Any CPU
	EndGlobalSection
	GlobalSection(ProjectConfigurationPlatforms) = postSolution
		{39679FD5-EE55-4327-A67F-2DD566208FF5}.Debug|Any CPU.ActiveCfg = Debug|Any CPU
		{39679FD5-EE55-4327-A67F-2DD566208FF5}.Debug|Any CPU.Build.0 = Debug|Any CPU
		{39679FD5-EE55-4327-A67F-2DD566208FF5}.Release|Any CPU.ActiveCfg = Release|Any CPU
		{39679FD5-EE55-4327-A67F-2DD566208FF5}.Release|Any CPU.Build.0 = Release|Any CPU
	EndGlobalSection
	GlobalSection(SolutionProperties) = preSolution
		HideSolutionNode = FALSE
	EndGlobalSection
	GlobalSection(ExtensibilityGlobals) = postSolution
		SolutionGuid = {BA090761-92F9-4672-A2E0-65BD7AD513FD}
	EndGlobalSection
EndGlobal
