
Microsoft Visual Studio Solution File, Format Version 12.00
# Visual Studio Version 16
VisualStudioVersion = 25.0.1704.3
MinimumVisualStudioVersion = 10.0.40219.1
Project("{FAE04EC0-301F-11D3-BF4B-00C04F79EFBC}") = "DoingHobbies", "DoingHobbies\DoingHobbies.csproj", "{78576363-283C-4777-9E02-2EA19A3AF4CE}"
EndProject
Global
	GlobalSection(SolutionConfigurationPlatforms) = preSolution
		Debug|Any CPU = Debug|Any CPU
		Release|Any CPU = Release|Any CPU
	EndGlobalSection
	GlobalSection(ProjectConfigurationPlatforms) = postSolution
		{78576363-283C-4777-9E02-2EA19A3AF4CE}.Debug|Any CPU.ActiveCfg = Debug|Any CPU
		{78576363-283C-4777-9E02-2EA19A3AF4CE}.Debug|Any CPU.Build.0 = Debug|Any CPU
		{78576363-283C-4777-9E02-2EA19A3AF4CE}.Release|Any CPU.ActiveCfg = Release|Any CPU
		{78576363-283C-4777-9E02-2EA19A3AF4CE}.Release|Any CPU.Build.0 = Release|Any CPU
	EndGlobalSection
	GlobalSection(SolutionProperties) = preSolution
		HideSolutionNode = FALSE
	EndGlobalSection
	GlobalSection(ExtensibilityGlobals) = postSolution
		SolutionGuid = {CAEB53AC-E41B-44AE-B10A-42F2AFF20023}
	EndGlobalSection
EndGlobal
