
Microsoft Visual Studio Solution File, Format Version 12.00
# Visual Studio Version 16
VisualStudioVersion = 25.0.1704.3
MinimumVisualStudioVersion = 10.0.40219.1
Project("{FAE04EC0-301F-11D3-BF4B-00C04F79EFBC}") = "Test3", "Test3\Test3.csproj", "{BF2662C9-1685-4163-B14B-1B3D2967B86C}"
EndProject
Global
	GlobalSection(SolutionConfigurationPlatforms) = preSolution
		Debug|Any CPU = Debug|Any CPU
		Release|Any CPU = Release|Any CPU
	EndGlobalSection
	GlobalSection(ProjectConfigurationPlatforms) = postSolution
		{BF2662C9-1685-4163-B14B-1B3D2967B86C}.Debug|Any CPU.ActiveCfg = Debug|Any CPU
		{BF2662C9-1685-4163-B14B-1B3D2967B86C}.Debug|Any CPU.Build.0 = Debug|Any CPU
		{BF2662C9-1685-4163-B14B-1B3D2967B86C}.Release|Any CPU.ActiveCfg = Release|Any CPU
		{BF2662C9-1685-4163-B14B-1B3D2967B86C}.Release|Any CPU.Build.0 = Release|Any CPU
	EndGlobalSection
	GlobalSection(SolutionProperties) = preSolution
		HideSolutionNode = FALSE
	EndGlobalSection
	GlobalSection(ExtensibilityGlobals) = postSolution
		SolutionGuid = {2AD30FB4-2A2D-4BE6-875E-8D6953604335}
	EndGlobalSection
EndGlobal
