
Microsoft Visual Studio Solution File, Format Version 12.00
# Visual Studio Version 16
VisualStudioVersion = 25.0.1704.3
MinimumVisualStudioVersion = 10.0.40219.1
Project("{FAE04EC0-301F-11D3-BF4B-00C04F79EFBC}") = "StructToClass", "StructToClass\StructToClass.csproj", "{44190AFF-259C-45C9-B7D9-95F93553F4EC}"
EndProject
Global
	GlobalSection(SolutionConfigurationPlatforms) = preSolution
		Debug|Any CPU = Debug|Any CPU
		Release|Any CPU = Release|Any CPU
	EndGlobalSection
	GlobalSection(ProjectConfigurationPlatforms) = postSolution
		{44190AFF-259C-45C9-B7D9-95F93553F4EC}.Debug|Any CPU.ActiveCfg = Debug|Any CPU
		{44190AFF-259C-45C9-B7D9-95F93553F4EC}.Debug|Any CPU.Build.0 = Debug|Any CPU
		{44190AFF-259C-45C9-B7D9-95F93553F4EC}.Release|Any CPU.ActiveCfg = Release|Any CPU
		{44190AFF-259C-45C9-B7D9-95F93553F4EC}.Release|Any CPU.Build.0 = Release|Any CPU
	EndGlobalSection
	GlobalSection(SolutionProperties) = preSolution
		HideSolutionNode = FALSE
	EndGlobalSection
	GlobalSection(ExtensibilityGlobals) = postSolution
		SolutionGuid = {865F89A5-85DD-44A5-9DEF-9B343E693EEF}
	EndGlobalSection
EndGlobal
