
Microsoft Visual Studio Solution File, Format Version 12.00
# Visual Studio Version 17
VisualStudioVersion = 17.4.33213.308
MinimumVisualStudioVersion = 10.0.40219.1
Project("{FAE04EC0-301F-11D3-BF4B-00C04F79EFBC}") = "adjacency", "adjacency.csproj", "{A2BB6227-945A-475A-A7D9-DAE3859A8A7D}"
EndProject
Global
	GlobalSection(SolutionConfigurationPlatforms) = preSolution
		Debug|Any CPU = Debug|Any CPU
		Release|Any CPU = Release|Any CPU
	EndGlobalSection
	GlobalSection(ProjectConfigurationPlatforms) = postSolution
		{A2BB6227-945A-475A-A7D9-DAE3859A8A7D}.Debug|Any CPU.ActiveCfg = Debug|Any CPU
		{A2BB6227-945A-475A-A7D9-DAE3859A8A7D}.Debug|Any CPU.Build.0 = Debug|Any CPU
		{A2BB6227-945A-475A-A7D9-DAE3859A8A7D}.Release|Any CPU.ActiveCfg = Release|Any CPU
		{A2BB6227-945A-475A-A7D9-DAE3859A8A7D}.Release|Any CPU.Build.0 = Release|Any CPU
	EndGlobalSection
	GlobalSection(SolutionProperties) = preSolution
		HideSolutionNode = FALSE
	EndGlobalSection
	GlobalSection(ExtensibilityGlobals) = postSolution
		SolutionGuid = {0405EDEE-D3AE-47FA-A175-0AA5C1B91963}
	EndGlobalSection
EndGlobal
