
Microsoft Visual Studio Solution File, Format Version 12.00
# Visual Studio Version 16
VisualStudioVersion = 25.0.1704.3
MinimumVisualStudioVersion = 10.0.40219.1
Project("{FAE04EC0-301F-11D3-BF4B-00C04F79EFBC}") = "PetProject", "PetProject\PetProject.csproj", "{DB08AE1D-36F9-49C1-A20E-38BEA2F110B7}"
EndProject
Global
	GlobalSection(SolutionConfigurationPlatforms) = preSolution
		Debug|Any CPU = Debug|Any CPU
		Release|Any CPU = Release|Any CPU
	EndGlobalSection
	GlobalSection(ProjectConfigurationPlatforms) = postSolution
		{DB08AE1D-36F9-49C1-A20E-38BEA2F110B7}.Debug|Any CPU.ActiveCfg = Debug|Any CPU
		{DB08AE1D-36F9-49C1-A20E-38BEA2F110B7}.Debug|Any CPU.Build.0 = Debug|Any CPU
		{DB08AE1D-36F9-49C1-A20E-38BEA2F110B7}.Release|Any CPU.ActiveCfg = Release|Any CPU
		{DB08AE1D-36F9-49C1-A20E-38BEA2F110B7}.Release|Any CPU.Build.0 = Release|Any CPU
	EndGlobalSection
	GlobalSection(SolutionProperties) = preSolution
		HideSolutionNode = FALSE
	EndGlobalSection
	GlobalSection(ExtensibilityGlobals) = postSolution
		SolutionGuid = {C07CC4EA-A757-4683-902F-DE38C2C86380}
	EndGlobalSection
EndGlobal
