
Microsoft Visual Studio Solution File, Format Version 12.00
# Visual Studio Version 16
VisualStudioVersion = 25.0.1703.2
MinimumVisualStudioVersion = 10.0.40219.1
Project("{FAE04EC0-301F-11D3-BF4B-00C04F79EFBC}") = "PE8_Adding_Quotes", "PE8_Adding_Quotes\PE8_Adding_Quotes.csproj", "{E95EB3E9-845F-4642-BBFB-103CC2ECA409}"
EndProject
Global
	GlobalSection(SolutionConfigurationPlatforms) = preSolution
		Debug|Any CPU = Debug|Any CPU
		Release|Any CPU = Release|Any CPU
	EndGlobalSection
	GlobalSection(ProjectConfigurationPlatforms) = postSolution
		{E95EB3E9-845F-4642-BBFB-103CC2ECA409}.Debug|Any CPU.ActiveCfg = Debug|Any CPU
		{E95EB3E9-845F-4642-BBFB-103CC2ECA409}.Debug|Any CPU.Build.0 = Debug|Any CPU
		{E95EB3E9-845F-4642-BBFB-103CC2ECA409}.Release|Any CPU.ActiveCfg = Release|Any CPU
		{E95EB3E9-845F-4642-BBFB-103CC2ECA409}.Release|Any CPU.Build.0 = Release|Any CPU
	EndGlobalSection
	GlobalSection(SolutionProperties) = preSolution
		HideSolutionNode = FALSE
	EndGlobalSection
	GlobalSection(ExtensibilityGlobals) = postSolution
		SolutionGuid = {9DD23B0D-CE46-4E4B-96AE-CA868EC21DC9}
	EndGlobalSection
EndGlobal
