
Microsoft Visual Studio Solution File, Format Version 12.00
# Visual Studio Version 16
VisualStudioVersion = 25.0.1703.2
MinimumVisualStudioVersion = 10.0.40219.1
Project("{FAE04EC0-301F-11D3-BF4B-00C04F79EFBC}") = "Employee", "Employee\Employee.csproj", "{B0D0AF1A-8600-41E8-9D9D-1EDBCC4F6FC4}"
EndProject
Global
	GlobalSection(SolutionConfigurationPlatforms) = preSolution
		Debug|Any CPU = Debug|Any CPU
		Release|Any CPU = Release|Any CPU
	EndGlobalSection
	GlobalSection(ProjectConfigurationPlatforms) = postSolution
		{B0D0AF1A-8600-41E8-9D9D-1EDBCC4F6FC4}.Debug|Any CPU.ActiveCfg = Debug|Any CPU
		{B0D0AF1A-8600-41E8-9D9D-1EDBCC4F6FC4}.Debug|Any CPU.Build.0 = Debug|Any CPU
		{B0D0AF1A-8600-41E8-9D9D-1EDBCC4F6FC4}.Release|Any CPU.ActiveCfg = Release|Any CPU
		{B0D0AF1A-8600-41E8-9D9D-1EDBCC4F6FC4}.Release|Any CPU.Build.0 = Release|Any CPU
	EndGlobalSection
	GlobalSection(SolutionProperties) = preSolution
		HideSolutionNode = FALSE
	EndGlobalSection
	GlobalSection(ExtensibilityGlobals) = postSolution
		SolutionGuid = {BA7BBA95-9586-44E3-9B3A-DE450E49EC5E}
	EndGlobalSection
EndGlobal
