
Microsoft Visual Studio Solution File, Format Version 12.00
# Visual Studio Version 16
VisualStudioVersion = 25.0.1704.3
MinimumVisualStudioVersion = 10.0.40219.1
Project("{FAE04EC0-301F-11D3-BF4B-00C04F79EFBC}") = "Tardis", "Tardis\Tardis.csproj", "{38E190F9-616D-49DE-9DE3-F11AE7F63936}"
EndProject
Global
	GlobalSection(SolutionConfigurationPlatforms) = preSolution
		Debug|Any CPU = Debug|Any CPU
		Release|Any CPU = Release|Any CPU
	EndGlobalSection
	GlobalSection(ProjectConfigurationPlatforms) = postSolution
		{38E190F9-616D-49DE-9DE3-F11AE7F63936}.Debug|Any CPU.ActiveCfg = Debug|Any CPU
		{38E190F9-616D-49DE-9DE3-F11AE7F63936}.Debug|Any CPU.Build.0 = Debug|Any CPU
		{38E190F9-616D-49DE-9DE3-F11AE7F63936}.Release|Any CPU.ActiveCfg = Release|Any CPU
		{38E190F9-616D-49DE-9DE3-F11AE7F63936}.Release|Any CPU.Build.0 = Release|Any CPU
	EndGlobalSection
	GlobalSection(SolutionProperties) = preSolution
		HideSolutionNode = FALSE
	EndGlobalSection
	GlobalSection(ExtensibilityGlobals) = postSolution
		SolutionGuid = {65EC37FA-89AA-4DE6-BF8F-4B48BCE31E0F}
	EndGlobalSection
EndGlobal
