
Microsoft Visual Studio Solution File, Format Version 12.00
# Visual Studio Version 16
VisualStudioVersion = 25.0.1704.3
MinimumVisualStudioVersion = 10.0.40219.1
Project("{FAE04EC0-301F-11D3-BF4B-00C04F79EFBC}") = "PE8Q9", "PE8Q9\PE8Q9.csproj", "{735CE5D4-A287-4714-A5A5-C0FC546673B7}"
EndProject
Global
	GlobalSection(SolutionConfigurationPlatforms) = preSolution
		Debug|Any CPU = Debug|Any CPU
		Release|Any CPU = Release|Any CPU
	EndGlobalSection
	GlobalSection(ProjectConfigurationPlatforms) = postSolution
		{735CE5D4-A287-4714-A5A5-C0FC546673B7}.Debug|Any CPU.ActiveCfg = Debug|Any CPU
		{735CE5D4-A287-4714-A5A5-C0FC546673B7}.Debug|Any CPU.Build.0 = Debug|Any CPU
		{735CE5D4-A287-4714-A5A5-C0FC546673B7}.Release|Any CPU.ActiveCfg = Release|Any CPU
		{735CE5D4-A287-4714-A5A5-C0FC546673B7}.Release|Any CPU.Build.0 = Release|Any CPU
	EndGlobalSection
	GlobalSection(SolutionProperties) = preSolution
		HideSolutionNode = FALSE
	EndGlobalSection
	GlobalSection(ExtensibilityGlobals) = postSolution
		SolutionGuid = {F6DA0B3B-C68D-4278-B2F2-3F8CD2BEF4B6}
	EndGlobalSection
EndGlobal
