
Microsoft Visual Studio Solution File, Format Version 12.00
# Visual Studio Version 16
VisualStudioVersion = 25.0.1703.2
MinimumVisualStudioVersion = 10.0.40219.1
Project("{FAE04EC0-301F-11D3-BF4B-00C04F79EFBC}") = "TestQuestion12", "TestQuestion12\TestQuestion12.csproj", "{208ACA85-7B91-4134-83DE-09742E5455FC}"
EndProject
Global
	GlobalSection(SolutionConfigurationPlatforms) = preSolution
		Debug|Any CPU = Debug|Any CPU
		Release|Any CPU = Release|Any CPU
	EndGlobalSection
	GlobalSection(ProjectConfigurationPlatforms) = postSolution
		{208ACA85-7B91-4134-83DE-09742E5455FC}.Debug|Any CPU.ActiveCfg = Debug|Any CPU
		{208ACA85-7B91-4134-83DE-09742E5455FC}.Debug|Any CPU.Build.0 = Debug|Any CPU
		{208ACA85-7B91-4134-83DE-09742E5455FC}.Release|Any CPU.ActiveCfg = Release|Any CPU
		{208ACA85-7B91-4134-83DE-09742E5455FC}.Release|Any CPU.Build.0 = Release|Any CPU
	EndGlobalSection
	GlobalSection(SolutionProperties) = preSolution
		HideSolutionNode = FALSE
	EndGlobalSection
	GlobalSection(ExtensibilityGlobals) = postSolution
		SolutionGuid = {194142A9-7A98-4B25-B562-2171C4371422}
	EndGlobalSection
EndGlobal
