
Microsoft Visual Studio Solution File, Format Version 12.00
# Visual Studio Version 16
VisualStudioVersion = 25.0.1704.3
MinimumVisualStudioVersion = 10.0.40219.1
Project("{FAE04EC0-301F-11D3-BF4B-00C04F79EFBC}") = "HomeworkThree", "HomeworkThree\HomeworkThree.csproj", "{6598F072-F01F-407F-86C3-A6A99367AC24}"
EndProject
Global
	GlobalSection(SolutionConfigurationPlatforms) = preSolution
		Debug|Any CPU = Debug|Any CPU
		Release|Any CPU = Release|Any CPU
	EndGlobalSection
	GlobalSection(ProjectConfigurationPlatforms) = postSolution
		{6598F072-F01F-407F-86C3-A6A99367AC24}.Debug|Any CPU.ActiveCfg = Debug|Any CPU
		{6598F072-F01F-407F-86C3-A6A99367AC24}.Debug|Any CPU.Build.0 = Debug|Any CPU
		{6598F072-F01F-407F-86C3-A6A99367AC24}.Release|Any CPU.ActiveCfg = Release|Any CPU
		{6598F072-F01F-407F-86C3-A6A99367AC24}.Release|Any CPU.Build.0 = Release|Any CPU
	EndGlobalSection
	GlobalSection(SolutionProperties) = preSolution
		HideSolutionNode = FALSE
	EndGlobalSection
	GlobalSection(ExtensibilityGlobals) = postSolution
		SolutionGuid = {61965A0F-3199-45B0-A27A-4D99B4C3FF21}
	EndGlobalSection
EndGlobal
