
Microsoft Visual Studio Solution File, Format Version 12.00
# Visual Studio Version 16
VisualStudioVersion = 25.0.1704.3
MinimumVisualStudioVersion = 10.0.40219.1
Project("{FAE04EC0-301F-11D3-BF4B-00C04F79EFBC}") = "PE7", "PE7\PE7.csproj", "{0C29C628-DC57-468E-81EF-CC5EDD52EFB3}"
EndProject
Global
	GlobalSection(SolutionConfigurationPlatforms) = preSolution
		Debug|Any CPU = Debug|Any CPU
		Release|Any CPU = Release|Any CPU
	EndGlobalSection
	GlobalSection(ProjectConfigurationPlatforms) = postSolution
		{0C29C628-DC57-468E-81EF-CC5EDD52EFB3}.Debug|Any CPU.ActiveCfg = Debug|Any CPU
		{0C29C628-DC57-468E-81EF-CC5EDD52EFB3}.Debug|Any CPU.Build.0 = Debug|Any CPU
		{0C29C628-DC57-468E-81EF-CC5EDD52EFB3}.Release|Any CPU.ActiveCfg = Release|Any CPU
		{0C29C628-DC57-468E-81EF-CC5EDD52EFB3}.Release|Any CPU.Build.0 = Release|Any CPU
	EndGlobalSection
	GlobalSection(SolutionProperties) = preSolution
		HideSolutionNode = FALSE
	EndGlobalSection
	GlobalSection(ExtensibilityGlobals) = postSolution
		SolutionGuid = {0D0CC620-76CD-41AC-BAA4-44FA3CA46BFA}
	EndGlobalSection
EndGlobal
