
Microsoft Visual Studio Solution File, Format Version 12.00
# Visual Studio Version 16
VisualStudioVersion = 25.0.1703.2
MinimumVisualStudioVersion = 10.0.40219.1
Project("{FAE04EC0-301F-11D3-BF4B-00C04F79EFBC}") = "PE3", "PE3\PE3.csproj", "{93A615D3-B481-47F0-956E-48906C9AE750}"
EndProject
Global
	GlobalSection(SolutionConfigurationPlatforms) = preSolution
		Debug|Any CPU = Debug|Any CPU
		Release|Any CPU = Release|Any CPU
	EndGlobalSection
	GlobalSection(ProjectConfigurationPlatforms) = postSolution
		{93A615D3-B481-47F0-956E-48906C9AE750}.Debug|Any CPU.ActiveCfg = Debug|Any CPU
		{93A615D3-B481-47F0-956E-48906C9AE750}.Debug|Any CPU.Build.0 = Debug|Any CPU
		{93A615D3-B481-47F0-956E-48906C9AE750}.Release|Any CPU.ActiveCfg = Release|Any CPU
		{93A615D3-B481-47F0-956E-48906C9AE750}.Release|Any CPU.Build.0 = Release|Any CPU
	EndGlobalSection
	GlobalSection(SolutionProperties) = preSolution
		HideSolutionNode = FALSE
	EndGlobalSection
	GlobalSection(ExtensibilityGlobals) = postSolution
		SolutionGuid = {4B64B474-AE4F-4678-A034-F88742A1C432}
	EndGlobalSection
EndGlobal
